
Microsoft Visual Studio Solution File, Format Version 12.00
# Visual Studio 14
VisualStudioVersion = 14.0.24720.0
MinimumVisualStudioVersion = 10.0.40219.1
Project("{FAE04EC0-301F-11D3-BF4B-00C04F79EFBC}") = "WEB-TLS", "WEB-TLS\WEB-TLS.csproj", "{D962E26E-6745-4F91-9DDD-7A821FC4953C}"
	ProjectSection(ProjectDependencies) = postProject
		{066386C0-DA95-479F-A854-FBC91B65D64E} = {066386C0-DA95-479F-A854-FBC91B65D64E}
	EndProjectSection
EndProject
Project("{FAE04EC0-301F-11D3-BF4B-00C04F79EFBC}") = "WCF-TLS", "WCF-TLS\WCF-TLS.csproj", "{066386C0-DA95-479F-A854-FBC91B65D64E}"
EndProject
Project("{2150E333-8FDC-42A3-9474-1A3956D46DE8}") = "02-NEGOCIO", "02-NEGOCIO", "{748F3522-7512-4E02-A873-7EDA56E527AD}"
EndProject
Project("{2150E333-8FDC-42A3-9474-1A3956D46DE8}") = "03-DATOS", "03-DATOS", "{D52FF971-1AC9-4D0D-8BBC-D62266D3C9BA}"
EndProject
Project("{2150E333-8FDC-42A3-9474-1A3956D46DE8}") = "04-ENTIDADES", "04-ENTIDADES", "{D51B5E62-1336-4908-9740-E426E97F1FA5}"
EndProject
Project("{2150E333-8FDC-42A3-9474-1A3956D46DE8}") = "01-PRESENTACION", "01-PRESENTACION", "{423FF281-20A8-4A88-923E-307D242584BE}"
EndProject
Project("{FAE04EC0-301F-11D3-BF4B-00C04F79EFBC}") = "TLS-Negocio", "TLS-Negocio\TLS-Negocio.csproj", "{208DB56A-6052-40F8-88F2-01B4E6021893}"
EndProject
Project("{FAE04EC0-301F-11D3-BF4B-00C04F79EFBC}") = "TLS-Datos", "TLS-Datos\TLS-Datos.csproj", "{FF117DF3-950F-4D71-9166-3F922B700552}"
EndProject
Project("{FAE04EC0-301F-11D3-BF4B-00C04F79EFBC}") = "TLS-Entidades", "TLS-Entidades\TLS-Entidades.csproj", "{E9B8CF36-307F-4A7C-854B-364353A68348}"
EndProject
Global
	GlobalSection(SolutionConfigurationPlatforms) = preSolution
		Debug|Any CPU = Debug|Any CPU
		Release|Any CPU = Release|Any CPU
	EndGlobalSection
	GlobalSection(ProjectConfigurationPlatforms) = postSolution
		{D962E26E-6745-4F91-9DDD-7A821FC4953C}.Debug|Any CPU.ActiveCfg = Debug|Any CPU
		{D962E26E-6745-4F91-9DDD-7A821FC4953C}.Debug|Any CPU.Build.0 = Debug|Any CPU
		{D962E26E-6745-4F91-9DDD-7A821FC4953C}.Release|Any CPU.ActiveCfg = Release|Any CPU
		{D962E26E-6745-4F91-9DDD-7A821FC4953C}.Release|Any CPU.Build.0 = Release|Any CPU
		{066386C0-DA95-479F-A854-FBC91B65D64E}.Debug|Any CPU.ActiveCfg = Debug|Any CPU
		{066386C0-DA95-479F-A854-FBC91B65D64E}.Debug|Any CPU.Build.0 = Debug|Any CPU
		{066386C0-DA95-479F-A854-FBC91B65D64E}.Release|Any CPU.ActiveCfg = Release|Any CPU
		{066386C0-DA95-479F-A854-FBC91B65D64E}.Release|Any CPU.Build.0 = Release|Any CPU
		{208DB56A-6052-40F8-88F2-01B4E6021893}.Debug|Any CPU.ActiveCfg = Debug|Any CPU
		{208DB56A-6052-40F8-88F2-01B4E6021893}.Debug|Any CPU.Build.0 = Debug|Any CPU
		{208DB56A-6052-40F8-88F2-01B4E6021893}.Release|Any CPU.ActiveCfg = Release|Any CPU
		{208DB56A-6052-40F8-88F2-01B4E6021893}.Release|Any CPU.Build.0 = Release|Any CPU
		{FF117DF3-950F-4D71-9166-3F922B700552}.Debug|Any CPU.ActiveCfg = Debug|Any CPU
		{FF117DF3-950F-4D71-9166-3F922B700552}.Debug|Any CPU.Build.0 = Debug|Any CPU
		{FF117DF3-950F-4D71-9166-3F922B700552}.Release|Any CPU.ActiveCfg = Release|Any CPU
		{FF117DF3-950F-4D71-9166-3F922B700552}.Release|Any CPU.Build.0 = Release|Any CPU
		{E9B8CF36-307F-4A7C-854B-364353A68348}.Debug|Any CPU.ActiveCfg = Debug|Any CPU
		{E9B8CF36-307F-4A7C-854B-364353A68348}.Debug|Any CPU.Build.0 = Debug|Any CPU
		{E9B8CF36-307F-4A7C-854B-364353A68348}.Release|Any CPU.ActiveCfg = Release|Any CPU
		{E9B8CF36-307F-4A7C-854B-364353A68348}.Release|Any CPU.Build.0 = Release|Any CPU
	EndGlobalSection
	GlobalSection(SolutionProperties) = preSolution
		HideSolutionNode = FALSE
	EndGlobalSection
	GlobalSection(NestedProjects) = preSolution
		{D962E26E-6745-4F91-9DDD-7A821FC4953C} = {423FF281-20A8-4A88-923E-307D242584BE}
		{066386C0-DA95-479F-A854-FBC91B65D64E} = {423FF281-20A8-4A88-923E-307D242584BE}
		{208DB56A-6052-40F8-88F2-01B4E6021893} = {748F3522-7512-4E02-A873-7EDA56E527AD}
		{FF117DF3-950F-4D71-9166-3F922B700552} = {D52FF971-1AC9-4D0D-8BBC-D62266D3C9BA}
		{E9B8CF36-307F-4A7C-854B-364353A68348} = {D51B5E62-1336-4908-9740-E426E97F1FA5}
	EndGlobalSection
EndGlobal
